
Microsoft Visual Studio Solution File, Format Version 12.00
# Visual Studio Version 16
VisualStudioVersion = 16.0.30413.136
MinimumVisualStudioVersion = 10.0.40219.1
Project("{FAE04EC0-301F-11D3-BF4B-00C04F79EFBC}") = "Lab4Wpf", "Lab4Wpf.csproj", "{169141E1-DDC4-486E-BCE1-E5DF975562E7}"
EndProject
Global
	GlobalSection(SolutionConfigurationPlatforms) = preSolution
		Debug|Any CPU = Debug|Any CPU
		Release|Any CPU = Release|Any CPU
	EndGlobalSection
	GlobalSection(ProjectConfigurationPlatforms) = postSolution
		{169141E1-DDC4-486E-BCE1-E5DF975562E7}.Debug|Any CPU.ActiveCfg = Debug|Any CPU
		{169141E1-DDC4-486E-BCE1-E5DF975562E7}.Debug|Any CPU.Build.0 = Debug|Any CPU
		{169141E1-DDC4-486E-BCE1-E5DF975562E7}.Release|Any CPU.ActiveCfg = Release|Any CPU
		{169141E1-DDC4-486E-BCE1-E5DF975562E7}.Release|Any CPU.Build.0 = Release|Any CPU
	EndGlobalSection
	GlobalSection(SolutionProperties) = preSolution
		HideSolutionNode = FALSE
	EndGlobalSection
	GlobalSection(ExtensibilityGlobals) = postSolution
		SolutionGuid = {F6F0CDEC-53C9-48B8-8C26-030676B42559}
	EndGlobalSection
EndGlobal
