
Microsoft Visual Studio Solution File, Format Version 12.00
# Visual Studio Version 16
VisualStudioVersion = 16.0.30413.136
MinimumVisualStudioVersion = 10.0.40219.1
Project("{FAE04EC0-301F-11D3-BF4B-00C04F79EFBC}") = "Stocks", "Stocks\Stocks.csproj", "{42DC0FA3-AB54-4130-9612-296E0953C4C1}"
EndProject
Global
	GlobalSection(SolutionConfigurationPlatforms) = preSolution
		Debug|Any CPU = Debug|Any CPU
		Release|Any CPU = Release|Any CPU
	EndGlobalSection
	GlobalSection(ProjectConfigurationPlatforms) = postSolution
		{42DC0FA3-AB54-4130-9612-296E0953C4C1}.Debug|Any CPU.ActiveCfg = Debug|Any CPU
		{42DC0FA3-AB54-4130-9612-296E0953C4C1}.Debug|Any CPU.Build.0 = Debug|Any CPU
		{42DC0FA3-AB54-4130-9612-296E0953C4C1}.Release|Any CPU.ActiveCfg = Release|Any CPU
		{42DC0FA3-AB54-4130-9612-296E0953C4C1}.Release|Any CPU.Build.0 = Release|Any CPU
	EndGlobalSection
	GlobalSection(SolutionProperties) = preSolution
		HideSolutionNode = FALSE
	EndGlobalSection
	GlobalSection(ExtensibilityGlobals) = postSolution
		SolutionGuid = {3DFD6517-2D66-4930-B240-7C9904BBB120}
	EndGlobalSection
EndGlobal
